<?xml version="1.0" encoding="utf-8"?>
<Project ToolsVersion="4.0" xmlns="http://schemas.microsoft.com/developer/msbuild/2003">
  <ItemGroup>
    <Filter Include="Source Files">
      <UniqueIdentifier>{4FC737F1-C7A5-4376-A066-2A32D752A2FF}</UniqueIdentifier>
      <Extensions>cpp;c;cc;cxx;c++;cppm;ixx;def;odl;idl;hpj;bat;asm;asmx</Extensions>
    </Filter>
    <Filter Include="Header Files">
      <UniqueIdentifier>{93995380-89BD-4b04-88EB-625FBE52EBFB}</UniqueIdentifier>
      <Extensions>h;hh;hpp;hxx;h++;hm;inl;inc;ipp;xsd</Extensions>
    </Filter>
    <Filter Include="Resource Files">
      <UniqueIdentifier>{67DA6AB6-F800-4c08-8B7A-83BB121AAD01}</UniqueIdentifier>
      <Extensions>rc;ico;cur;bmp;dlg;rc2;rct;bin;rgs;gif;jpg;jpeg;jpe;resx;tiff;tif;png;wav;mfcribbon-ms</Extensions>
    </Filter>
    <Filter Include="Header Files\ECS">
      <UniqueIdentifier>{3c70b1a8-5062-4b8e-9024-6f563d228e0f}</UniqueIdentifier>
    </Filter>
    <Filter Include="Source Files\ECS">
      <UniqueIdentifier>{0aab47c5-d344-404e-ba36-f08567895501}</UniqueIdentifier>
    </Filter>
    <Filter Include="Source Files\EventListners">
      <UniqueIdentifier>{54fd13c6-ce5b-4d44-b223-2621be74ed78}</UniqueIdentifier>
    </Filter>
    <Filter Include="Header Files\EventListners">
      <UniqueIdentifier>{a4322ae3-8622-4aeb-bfb7-c732693eb077}</UniqueIdentifier>
    </Filter>
    <Filter Include="Source Files\Scenes">
      <UniqueIdentifier>{8f27218a-62cc-45f8-ab4b-08e10f965f98}</UniqueIdentifier>
    </Filter>
    <Filter Include="Source Files\Scenes\Pong">
      <UniqueIdentifier>{54708012-684f-4d2b-a920-5f43752824a2}</UniqueIdentifier>
    </Filter>
    <Filter Include="Source Files\Scenes\Pong\EventListners">
      <UniqueIdentifier>{6669f8ab-fa25-45c5-8255-1e6521a18c1d}</UniqueIdentifier>
    </Filter>
    <Filter Include="Source Files\Scenes\Sandbox">
      <UniqueIdentifier>{062b8bb5-0a45-42bd-9926-a546e1e9d870}</UniqueIdentifier>
    </Filter>
    <Filter Include="Source Files\Scenes\Sandbox\EventListners">
      <UniqueIdentifier>{581304ea-67e6-4cbd-9dbc-3dd5caed009a}</UniqueIdentifier>
    </Filter>
    <Filter Include="Header Files\Scenes">
      <UniqueIdentifier>{9408ae56-c0ad-4cc4-986c-f454ada2aba9}</UniqueIdentifier>
    </Filter>
    <Filter Include="Header Files\Scenes\Sandbox">
      <UniqueIdentifier>{4101722c-5aae-4651-8d91-47d95055f8bf}</UniqueIdentifier>
    </Filter>
    <Filter Include="Header Files\Scenes\Sandbox\EventListners">
      <UniqueIdentifier>{566710c4-8dbd-4cf6-9f48-b2c02d733baf}</UniqueIdentifier>
    </Filter>
    <Filter Include="Header Files\Scenes\Pong">
      <UniqueIdentifier>{88353273-a2f7-4142-9967-a98a55595b55}</UniqueIdentifier>
    </Filter>
    <Filter Include="Header Files\Scenes\Pong\EventListners">
      <UniqueIdentifier>{bed6df99-5a79-4e4c-b396-1ec401c3c401}</UniqueIdentifier>
    </Filter>
    <Filter Include="Source Files\Scenes\Breakout">
      <UniqueIdentifier>{62079cc5-7e2a-438b-9c6a-556e44c23a62}</UniqueIdentifier>
    </Filter>
    <Filter Include="Header Files\Scenes\Breakout">
      <UniqueIdentifier>{f1b17ac7-0b3d-405f-8d31-8e883ab433a3}</UniqueIdentifier>
    </Filter>
  </ItemGroup>
  <ItemGroup>
    <ClCompile Include="Main.cpp">
      <Filter>Source Files</Filter>
    </ClCompile>
    <ClCompile Include="Game.cpp">
      <Filter>Source Files</Filter>
    </ClCompile>
    <ClCompile Include="TextureManager.cpp">
      <Filter>Source Files</Filter>
    </ClCompile>
    <ClCompile Include="Map.cpp">
      <Filter>Source Files</Filter>
    </ClCompile>
    <ClCompile Include="EntityComponentSystem.cpp">
      <Filter>Source Files\ECS</Filter>
    </ClCompile>
    <ClCompile Include="Components.cpp">
      <Filter>Source Files\ECS</Filter>
    </ClCompile>
    <ClCompile Include="SpriteComponent.cpp">
      <Filter>Source Files\ECS</Filter>
    </ClCompile>
    <ClCompile Include="PositionComponent.cpp">
      <Filter>Source Files\ECS</Filter>
    </ClCompile>
    <ClCompile Include="Vector2D.cpp">
      <Filter>Source Files</Filter>
    </ClCompile>
    <ClCompile Include="KeyboardController.cpp">
      <Filter>Source Files\ECS</Filter>
    </ClCompile>
    <ClCompile Include="ColliderComponent.cpp">
      <Filter>Source Files\ECS</Filter>
    </ClCompile>
    <ClCompile Include="Collision.cpp">
      <Filter>Source Files</Filter>
    </ClCompile>
    <ClCompile Include="TileComponent.cpp">
      <Filter>Source Files\ECS</Filter>
    </ClCompile>
    <ClCompile Include="AssetManager.cpp">
      <Filter>Source Files</Filter>
    </ClCompile>
    <ClCompile Include="ProjectileComponent.cpp">
      <Filter>Source Files\ECS</Filter>
    </ClCompile>
    <ClCompile Include="UILabelComponent.cpp">
      <Filter>Source Files</Filter>
    </ClCompile>
    <ClCompile Include="PongScene.cpp">
      <Filter>Source Files\Scenes\Pong</Filter>
    </ClCompile>
    <ClCompile Include="Scene.cpp">
      <Filter>Source Files</Filter>
    </ClCompile>
    <ClCompile Include="Animation.cpp">
      <Filter>Source Files</Filter>
    </ClCompile>
    <ClCompile Include="HealthComponent.cpp">
      <Filter>Source Files\ECS</Filter>
    </ClCompile>
    <ClCompile Include="EventBus.cpp">
      <Filter>Source Files</Filter>
    </ClCompile>
    <ClCompile Include="SandboxScene.cpp">
      <Filter>Source Files\Scenes\Sandbox</Filter>
    </ClCompile>
    <ClCompile Include="InputScheme.h">
      <Filter>Header Files</Filter>
    </ClCompile>
    <ClCompile Include="rmlui_backends\RmlUi_Platform_SDL.cpp">
      <Filter>Source Files</Filter>
    </ClCompile>
    <ClCompile Include="rmlui_backends\RmlUi_Renderer_SDL.cpp">
      <Filter>Source Files</Filter>
    </ClCompile>
    <ClCompile Include="QuitGameListner.cpp">
      <Filter>Source Files\EventListners</Filter>
    </ClCompile>
    <ClCompile Include="PlayAgainListner.cpp">
      <Filter>Source Files</Filter>
    </ClCompile>
    <ClCompile Include="StartGameListner.cpp">
      <Filter>Source Files\Scenes\Sandbox\EventListners</Filter>
    </ClCompile>
    <ClCompile Include="Breakout.cpp">
      <Filter>Source Files\Scenes\Breakout</Filter>
    </ClCompile>
  </ItemGroup>
  <ItemGroup>
    <ClInclude Include="Game.h">
      <Filter>Header Files</Filter>
    </ClInclude>
    <ClInclude Include="TextureManager.h">
      <Filter>Header Files</Filter>
    </ClInclude>
    <ClInclude Include="Map.h">
      <Filter>Header Files</Filter>
    </ClInclude>
    <ClInclude Include="EntityComponentSystem.h">
      <Filter>Header Files\ECS</Filter>
    </ClInclude>
    <ClInclude Include="Components.h">
      <Filter>Header Files\ECS</Filter>
    </ClInclude>
    <ClInclude Include="SpriteComponent.h">
      <Filter>Header Files\ECS</Filter>
    </ClInclude>
    <ClInclude Include="TransformComponent.h">
      <Filter>Header Files\ECS</Filter>
    </ClInclude>
    <ClInclude Include="Vector2D.h">
      <Filter>Header Files</Filter>
    </ClInclude>
    <ClInclude Include="KeyboardController.h">
      <Filter>Header Files\ECS</Filter>
    </ClInclude>
    <ClInclude Include="ColliderComponent.h">
      <Filter>Header Files\ECS</Filter>
    </ClInclude>
    <ClInclude Include="Collision.h">
      <Filter>Header Files</Filter>
    </ClInclude>
    <ClInclude Include="TileComponent.h">
      <Filter>Header Files\ECS</Filter>
    </ClInclude>
    <ClInclude Include="AssetManager.h">
      <Filter>Header Files</Filter>
    </ClInclude>
    <ClInclude Include="ProjectileComponent.h">
      <Filter>Header Files\ECS</Filter>
    </ClInclude>
    <ClInclude Include="UILabelComponent.h">
      <Filter>Header Files</Filter>
    </ClInclude>
    <ClInclude Include="PongScene.h">
      <Filter>Header Files\Scenes\Pong</Filter>
    </ClInclude>
    <ClInclude Include="Scene.h">
      <Filter>Header Files</Filter>
    </ClInclude>
    <ClInclude Include="SandboxScene.h">
      <Filter>Header Files\Scenes\Sandbox</Filter>
    </ClInclude>
    <ClInclude Include="Groups.h">
      <Filter>Header Files</Filter>
    </ClInclude>
    <ClInclude Include="Animation.h">
      <Filter>Header Files</Filter>
    </ClInclude>
    <ClInclude Include="HealthComponent.h">
      <Filter>Header Files\ECS</Filter>
    </ClInclude>
    <ClInclude Include="EventBus.h">
      <Filter>Header Files</Filter>
    </ClInclude>
    <ClInclude Include="rmlui_backends\RmlUi_Platform_SDL.h">
      <Filter>Header Files</Filter>
    </ClInclude>
    <ClInclude Include="rmlui_backends\RmlUi_Renderer_SDL.h">
      <Filter>Header Files</Filter>
    </ClInclude>
    <ClInclude Include="QuitGameListner.h">
      <Filter>Header Files\EventListners</Filter>
    </ClInclude>
    <ClInclude Include="PlayAgainListner.h">
      <Filter>Header Files</Filter>
    </ClInclude>
    <ClInclude Include="StartGameListner.h">
      <Filter>Header Files\Scenes\Sandbox\EventListners</Filter>
    </ClInclude>
    <ClInclude Include="Breakout.h">
      <Filter>Header Files\Scenes\Breakout</Filter>
    </ClInclude>
  </ItemGroup>
</Project>