<?xml version="1.0" encoding="utf-8"?>
<Project ToolsVersion="4.0" xmlns="http://schemas.microsoft.com/developer/msbuild/2003">
  <ItemGroup>
    <Filter Include="Source Files">
      <UniqueIdentifier>{4FC737F1-C7A5-4376-A066-2A32D752A2FF}</UniqueIdentifier>
      <Extensions>cpp;c;cc;cxx;c++;cppm;ixx;def;odl;idl;hpj;bat;asm;asmx</Extensions>
    </Filter>
    <Filter Include="Header Files">
      <UniqueIdentifier>{93995380-89BD-4b04-88EB-625FBE52EBFB}</UniqueIdentifier>
      <Extensions>h;hh;hpp;hxx;h++;hm;inl;inc;ipp;xsd</Extensions>
    </Filter>
    <Filter Include="Resource Files">
      <UniqueIdentifier>{67DA6AB6-F800-4c08-8B7A-83BB121AAD01}</UniqueIdentifier>
      <Extensions>rc;ico;cur;bmp;dlg;rc2;rct;bin;rgs;gif;jpg;jpeg;jpe;resx;tiff;tif;png;wav;mfcribbon-ms</Extensions>
    </Filter>
    <Filter Include="Header Files\ECS">
      <UniqueIdentifier>{3c70b1a8-5062-4b8e-9024-6f563d228e0f}</UniqueIdentifier>
    </Filter>
    <Filter Include="Source Files\ECS">
      <UniqueIdentifier>{0aab47c5-d344-404e-ba36-f08567895501}</UniqueIdentifier>
    </Filter>
    <Filter Include="Source Files\EventListners">
      <UniqueIdentifier>{54fd13c6-ce5b-4d44-b223-2621be74ed78}</UniqueIdentifier>
    </Filter>
    <Filter Include="Header Files\EventListners">
      <UniqueIdentifier>{a4322ae3-8622-4aeb-bfb7-c732693eb077}</UniqueIdentifier>
    </Filter>
    <Filter Include="Source Files\Scenes">
      <UniqueIdentifier>{8f27218a-62cc-45f8-ab4b-08e10f965f98}</UniqueIdentifier>
    </Filter>
    <Filter Include="Source Files\Scenes\Pong">
      <UniqueIdentifier>{54708012-684f-4d2b-a920-5f43752824a2}</UniqueIdentifier>
    </Filter>
    <Filter Include="Source Files\Scenes\Pong\EventListners">
      <UniqueIdentifier>{6669f8ab-fa25-45c5-8255-1e6521a18c1d}</UniqueIdentifier>
    </Filter>
    <Filter Include="Source Files\Scenes\Sandbox">
      <UniqueIdentifier>{062b8bb5-0a45-42bd-9926-a546e1e9d870}</UniqueIdentifier>
    </Filter>
    <Filter Include="Source Files\Scenes\Sandbox\EventListners">
      <UniqueIdentifier>{581304ea-67e6-4cbd-9dbc-3dd5caed009a}</UniqueIdentifier>
    </Filter>
    <Filter Include="Header Files\Scenes">
      <UniqueIdentifier>{9408ae56-c0ad-4cc4-986c-f454ada2aba9}</UniqueIdentifier>
    </Filter>
    <Filter Include="Header Files\Scenes\Sandbox">
      <UniqueIdentifier>{4101722c-5aae-4651-8d91-47d95055f8bf}</UniqueIdentifier>
    </Filter>
    <Filter Include="Header Files\Scenes\Sandbox\EventListners">
      <UniqueIdentifier>{566710c4-8dbd-4cf6-9f48-b2c02d733baf}</UniqueIdentifier>
    </Filter>
    <Filter Include="Header Files\Scenes\Pong">
      <UniqueIdentifier>{88353273-a2f7-4142-9967-a98a55595b55}</UniqueIdentifier>
    </Filter>
    <Filter Include="Header Files\Scenes\Pong\EventListners">
      <UniqueIdentifier>{bed6df99-5a79-4e4c-b396-1ec401c3c401}</UniqueIdentifier>
    </Filter>
    <Filter Include="Source Files\Scenes\Breakout">
      <UniqueIdentifier>{62079cc5-7e2a-438b-9c6a-556e44c23a62}</UniqueIdentifier>
    </Filter>
    <Filter Include="Header Files\Scenes\Breakout">
      <UniqueIdentifier>{f1b17ac7-0b3d-405f-8d31-8e883ab433a3}</UniqueIdentifier>
    </Filter>
    <Filter Include="Header Files\Structs">
      <UniqueIdentifier>{cd7d7a66-7448-4c54-8c6c-63e0d26eae81}</UniqueIdentifier>
    </Filter>
    <Filter Include="Header Files\Enums">
      <UniqueIdentifier>{45ef8563-cff8-4ddd-accc-6ea2b506d80b}</UniqueIdentifier>
    </Filter>
    <Filter Include="Source Files\Rml">
      <UniqueIdentifier>{bed478c7-e11c-49e0-847b-a237b4b5d26f}</UniqueIdentifier>
    </Filter>
    <Filter Include="Source Files\Utils">
      <UniqueIdentifier>{94687fa9-b70a-466a-833c-a2438bb4d66a}</UniqueIdentifier>
    </Filter>
    <Filter Include="Header Files\Utils">
      <UniqueIdentifier>{9e23afba-5bf6-45b7-a23c-e5a397967899}</UniqueIdentifier>
    </Filter>
    <Filter Include="Header Files\Rml">
      <UniqueIdentifier>{1f0cc42b-db2d-4f45-b53b-ad5165307be5}</UniqueIdentifier>
    </Filter>
    <Filter Include="Source Files\Scenes\Tetris">
      <UniqueIdentifier>{081748fb-2ca2-4429-bca4-075d8c83f8a1}</UniqueIdentifier>
    </Filter>
  </ItemGroup>
  <ItemGroup>
    <ClCompile Include="Source\Game.cpp">
      <Filter>Source Files</Filter>
    </ClCompile>
    <ClCompile Include="Source\Main.cpp">
      <Filter>Source Files</Filter>
    </ClCompile>
    <ClCompile Include="Source\ColliderComponent.cpp">
      <Filter>Source Files\ECS</Filter>
    </ClCompile>
    <ClCompile Include="Source\Components.cpp">
      <Filter>Source Files\ECS</Filter>
    </ClCompile>
    <ClCompile Include="Source\EntityComponentSystem.cpp">
      <Filter>Source Files\ECS</Filter>
    </ClCompile>
    <ClCompile Include="Source\HealthComponent.cpp">
      <Filter>Source Files\ECS</Filter>
    </ClCompile>
    <ClCompile Include="Source\KeyboardController.cpp">
      <Filter>Source Files\ECS</Filter>
    </ClCompile>
    <ClCompile Include="Source\PositionComponent.cpp">
      <Filter>Source Files\ECS</Filter>
    </ClCompile>
    <ClCompile Include="Source\ProjectileComponent.cpp">
      <Filter>Source Files\ECS</Filter>
    </ClCompile>
    <ClCompile Include="Source\TileComponent.cpp">
      <Filter>Source Files\ECS</Filter>
    </ClCompile>
    <ClCompile Include="Source\UILabelComponent.cpp">
      <Filter>Source Files\ECS</Filter>
    </ClCompile>
    <ClCompile Include="Source\RmlDocumentsPaths.cpp">
      <Filter>Source Files\Rml</Filter>
    </ClCompile>
    <ClCompile Include="rmlui_backends\RmlUi_Platform_SDL.cpp">
      <Filter>Source Files\Rml</Filter>
    </ClCompile>
    <ClCompile Include="rmlui_backends\RmlUi_Renderer_SDL.cpp">
      <Filter>Source Files\Rml</Filter>
    </ClCompile>
    <ClCompile Include="Source\PlayAgainListner.cpp">
      <Filter>Source Files\EventListners</Filter>
    </ClCompile>
    <ClCompile Include="Source\QuitGameListner.cpp">
      <Filter>Source Files\EventListners</Filter>
    </ClCompile>
    <ClCompile Include="Source\EventBus.cpp">
      <Filter>Source Files\EventListners</Filter>
    </ClCompile>
    <ClCompile Include="Source\PongScene.cpp">
      <Filter>Source Files\Scenes\Pong</Filter>
    </ClCompile>
    <ClCompile Include="Source\Breakout.cpp">
      <Filter>Source Files\Scenes\Breakout</Filter>
    </ClCompile>
    <ClCompile Include="Source\SandboxScene.cpp">
      <Filter>Source Files\Scenes\Sandbox</Filter>
    </ClCompile>
    <ClCompile Include="Source\WinnerData.cpp">
      <Filter>Source Files\Utils</Filter>
    </ClCompile>
    <ClCompile Include="Source\Vector2D.cpp">
      <Filter>Source Files\Utils</Filter>
    </ClCompile>
    <ClCompile Include="Source\TextureManager.cpp">
      <Filter>Source Files\Utils</Filter>
    </ClCompile>
    <ClCompile Include="Source\StartGameListner.cpp">
      <Filter>Source Files\EventListners</Filter>
    </ClCompile>
    <ClCompile Include="Source\SpriteComponent.cpp">
      <Filter>Source Files\ECS</Filter>
    </ClCompile>
    <ClCompile Include="Source\Scene.cpp">
      <Filter>Source Files\Utils</Filter>
    </ClCompile>
    <ClCompile Include="Source\Collision.cpp">
      <Filter>Source Files\Utils</Filter>
    </ClCompile>
    <ClCompile Include="Source\AssetManager.cpp">
      <Filter>Source Files\Utils</Filter>
    </ClCompile>
    <ClCompile Include="Source\Animation.cpp">
      <Filter>Source Files\Utils</Filter>
    </ClCompile>
    <ClCompile Include="Source\Map.cpp">
      <Filter>Source Files\Utils</Filter>
    </ClCompile>
    <ClCompile Include="TetrisScene.cpp">
      <Filter>Source Files</Filter>
    </ClCompile>
  </ItemGroup>
  <ItemGroup>
    <ClInclude Include="Header\Game.h">
      <Filter>Header Files</Filter>
    </ClInclude>
    <ClInclude Include="Header\Animation.h">
      <Filter>Header Files\Utils</Filter>
    </ClInclude>
    <ClInclude Include="Header\AssetManager.h">
      <Filter>Header Files\Utils</Filter>
    </ClInclude>
    <ClInclude Include="Header\Breakout.h">
      <Filter>Header Files\Scenes\Breakout</Filter>
    </ClInclude>
    <ClInclude Include="Header\ColliderComponent.h">
      <Filter>Header Files\ECS</Filter>
    </ClInclude>
    <ClInclude Include="Header\EntityComponentSystem.h">
      <Filter>Header Files\ECS</Filter>
    </ClInclude>
    <ClInclude Include="Header\Components.h">
      <Filter>Header Files\ECS</Filter>
    </ClInclude>
    <ClInclude Include="Header\HealthComponent.h">
      <Filter>Header Files\ECS</Filter>
    </ClInclude>
    <ClInclude Include="Header\KeyboardController.h">
      <Filter>Header Files\ECS</Filter>
    </ClInclude>
    <ClInclude Include="Header\ProjectileComponent.h">
      <Filter>Header Files\ECS</Filter>
    </ClInclude>
    <ClInclude Include="Header\SpriteComponent.h">
      <Filter>Header Files\ECS</Filter>
    </ClInclude>
    <ClInclude Include="Header\TransformComponent.h">
      <Filter>Header Files\ECS</Filter>
    </ClInclude>
    <ClInclude Include="Header\TileComponent.h">
      <Filter>Header Files\ECS</Filter>
    </ClInclude>
    <ClInclude Include="Header\UILabelComponent.h">
      <Filter>Header Files\ECS</Filter>
    </ClInclude>
    <ClInclude Include="Header\Collision.h">
      <Filter>Header Files\Utils</Filter>
    </ClInclude>
    <ClInclude Include="Header\DocumentPath.h">
      <Filter>Header Files\Enums</Filter>
    </ClInclude>
    <ClInclude Include="Header\EventBus.h">
      <Filter>Header Files\EventListners</Filter>
    </ClInclude>
    <ClInclude Include="Header\Groups.h">
      <Filter>Header Files\Enums</Filter>
    </ClInclude>
    <ClInclude Include="Header\InputScheme.h">
      <Filter>Header Files\Enums</Filter>
    </ClInclude>
    <ClInclude Include="Header\Map.h">
      <Filter>Header Files\Utils</Filter>
    </ClInclude>
    <ClInclude Include="Header\PlayAgainListner.h">
      <Filter>Header Files\EventListners</Filter>
    </ClInclude>
    <ClInclude Include="Header\QuitGameListner.h">
      <Filter>Header Files\EventListners</Filter>
    </ClInclude>
    <ClInclude Include="rmlui_backends\RmlUi_Platform_SDL.h">
      <Filter>Header Files\Rml</Filter>
    </ClInclude>
    <ClInclude Include="rmlui_backends\RmlUi_Renderer_SDL.h">
      <Filter>Header Files\Rml</Filter>
    </ClInclude>
    <ClInclude Include="Header\PongScene.h">
      <Filter>Header Files\Scenes\Pong</Filter>
    </ClInclude>
    <ClInclude Include="Header\RmlDocumentsPaths.h">
      <Filter>Header Files\Rml</Filter>
    </ClInclude>
    <ClInclude Include="Header\SandboxScene.h">
      <Filter>Header Files\Scenes\Sandbox</Filter>
    </ClInclude>
    <ClInclude Include="Header\Scene.h">
      <Filter>Header Files\Utils</Filter>
    </ClInclude>
    <ClInclude Include="Header\TextureManager.h">
      <Filter>Header Files\Utils</Filter>
    </ClInclude>
    <ClInclude Include="Header\Vector2D.h">
      <Filter>Header Files\Utils</Filter>
    </ClInclude>
    <ClInclude Include="Header\StartGameListner.h">
      <Filter>Header Files\EventListners</Filter>
    </ClInclude>
    <ClInclude Include="TetrisScene.h">
      <Filter>Header Files</Filter>
    </ClInclude>
  </ItemGroup>
</Project>